PODS:
  - DMPagerView (1.2.0)
  - DMParallaxHeader (2.2.0)
  - DMSegmentedControl (1.2.1)

DEPENDENCIES:
  - DMPagerView (~> 1.2)
  - DMParallaxHeader (from `https://github.com/dunamu-stock/DMParallaxHeader`, tag `2.2.1`)
  - DMSegmentedControl (~> 1.2)

SPEC REPOS:
  https://github.com/CocoaPods/Specs.git:
    - DMPagerView
    - DMSegmentedControl

EXTERNAL SOURCES:
  DMParallaxHeader:
    :git: https://github.com/dunamu-stock/DMParallaxHeader
    :tag: 2.2.1

CHECKOUT OPTIONS:
  DMParallaxHeader:
    :git: https://github.com/dunamu-stock/DMParallaxHeader
    :tag: 2.2.1

SPEC CHECKSUMS:
  DMPagerView: 948391086777652e1e70c04a9c6f6bdf343ec2e3
  DMParallaxHeader: a173e5dd69c14eeb1d408b388f28bcc1cf73a4f3
  DMSegmentedControl: e196ebb78326ecfb3b319644e63af32f197196ca

PODFILE CHECKSUM: d46b844bdc91165aea9f1214fafa94b355f0c3c7

COCOAPODS: 1.10.1
